
Microsoft Visual Studio Solution File, Format Version 12.00
# Visual Studio Version 17
VisualStudioVersion = 17.14.36518.9 d17.14
MinimumVisualStudioVersion = 10.0.40219.1
Project("{FAE04EC0-301F-11D3-BF4B-00C04F79EFBC}") = "ActualOCDatabase", "ActualOCDatabase\ActualOCDatabase.csproj", "{F546848E-CA5E-46FD-B51C-47B208CEC6FF}"
EndProject
Global
	GlobalSection(SolutionConfigurationPlatforms) = preSolution
		Debug|Any CPU = Debug|Any CPU
		Release|Any CPU = Release|Any CPU
	EndGlobalSection
	GlobalSection(ProjectConfigurationPlatforms) = postSolution
		{F546848E-CA5E-46FD-B51C-47B208CEC6FF}.Debug|Any CPU.ActiveCfg = Debug|Any CPU
		{F546848E-CA5E-46FD-B51C-47B208CEC6FF}.Debug|Any CPU.Build.0 = Debug|Any CPU
		{F546848E-CA5E-46FD-B51C-47B208CEC6FF}.Release|Any CPU.ActiveCfg = Release|Any CPU
		{F546848E-CA5E-46FD-B51C-47B208CEC6FF}.Release|Any CPU.Build.0 = Release|Any CPU
	EndGlobalSection
	GlobalSection(SolutionProperties) = preSolution
		HideSolutionNode = FALSE
	EndGlobalSection
	GlobalSection(ExtensibilityGlobals) = postSolution
		SolutionGuid = {0DD9A6D3-C31E-4110-918D-8CD839505A70}
	EndGlobalSection
EndGlobal
